// !$*UTF8*$!
{
	archiveVersion = 1;
	classes = {
	};
	objectVersion = 46;
	objects = {

/* Begin PBXAggregateTarget section */
		"TypoChecker::TypoCheckerPackageTests::ProductTarget" /* TypoCheckerPackageTests */ = {
			isa = PBXAggregateTarget;
			buildConfigurationList = OBJ_40 /* Build configuration list for PBXAggregateTarget "TypoCheckerPackageTests" */;
			buildPhases = (
			);
			dependencies = (
				OBJ_43 /* PBXTargetDependency */,
			);
			name = TypoCheckerPackageTests;
			productName = TypoCheckerPackageTests;
		};
/* End PBXAggregateTarget section */

/* Begin PBXBuildFile section */
		170D184B2221619500067026 /* Decoder.swift in Sources */ = {isa = PBXBuildFile; fileRef = 170D1845222160DE00067026 /* Decoder.swift */; };
		170D184C2221619800067026 /* Encoder.swift in Sources */ = {isa = PBXBuildFile; fileRef = 170D1846222160DE00067026 /* Encoder.swift */; };
		170D184D2221619B00067026 /* YAML.swift in Sources */ = {isa = PBXBuildFile; fileRef = 170D1847222160DE00067026 /* YAML.swift */; };
		170D184F2221621300067026 /* YAMLParser.swift in Sources */ = {isa = PBXBuildFile; fileRef = 170D184E2221621300067026 /* YAMLParser.swift */; };
		170D18512221667A00067026 /* Configuration.swift in Sources */ = {isa = PBXBuildFile; fileRef = 170D18502221667A00067026 /* Configuration.swift */; };
		170D187622295A1700067026 /* Analytics.swift in Sources */ = {isa = PBXBuildFile; fileRef = 170D18742229594000067026 /* Analytics.swift */; };
		170D187722295A1C00067026 /* AnalyticsStringTypo.swift in Sources */ = {isa = PBXBuildFile; fileRef = 170D18722229591200067026 /* AnalyticsStringTypo.swift */; };
		170D187822295A1E00067026 /* AnalyticsNamingTypo.swift in Sources */ = {isa = PBXBuildFile; fileRef = 170D1870222958F300067026 /* AnalyticsNamingTypo.swift */; };
		17172D942233E572008911A0 /* Reportable.swift in Sources */ = {isa = PBXBuildFile; fileRef = 17172D932233E572008911A0 /* Reportable.swift */; };
		17172D962237208C008911A0 /* XcodeReport.swift in Sources */ = {isa = PBXBuildFile; fileRef = 17172D952237208C008911A0 /* XcodeReport.swift */; };
		17172D98223722AF008911A0 /* JSONReport.swift in Sources */ = {isa = PBXBuildFile; fileRef = 17172D97223722AF008911A0 /* JSONReport.swift */; };
		17172D9A22392E3A008911A0 /* ReportGenerator.swift in Sources */ = {isa = PBXBuildFile; fileRef = 17172D9922392E3A008911A0 /* ReportGenerator.swift */; };
		171CD566222F23770042414A /* ArgumentParser.swift in Sources */ = {isa = PBXBuildFile; fileRef = 171CD564222F23720042414A /* ArgumentParser.swift */; };
		OBJ_22 /* TypoCheckerTests.swift in Sources */ = {isa = PBXBuildFile; fileRef = OBJ_12 /* TypoCheckerTests.swift */; };
		OBJ_23 /* XCTestManifests.swift in Sources */ = {isa = PBXBuildFile; fileRef = OBJ_13 /* XCTestManifests.swift */; };
		OBJ_31 /* main.swift in Sources */ = {isa = PBXBuildFile; fileRef = OBJ_9 /* main.swift */; };
		OBJ_38 /* Package.swift in Sources */ = {isa = PBXBuildFile; fileRef = OBJ_6 /* Package.swift */; };
/* End PBXBuildFile section */

/* Begin PBXContainerItemProxy section */
		170D181C222116E500067026 /* PBXContainerItemProxy */ = {
			isa = PBXContainerItemProxy;
			containerPortal = OBJ_1 /* Project object */;
			proxyType = 1;
			remoteGlobalIDString = "TypoChecker::TypoChecker";
			remoteInfo = TypoChecker;
		};
		170D181F22215C2100067026 /* PBXContainerItemProxy */ = {
			isa = PBXContainerItemProxy;
			containerPortal = OBJ_1 /* Project object */;
			proxyType = 1;
			remoteGlobalIDString = "TypoChecker::TypoCheckTests";
			remoteInfo = TypoCheckTests;
		};
/* End PBXContainerItemProxy section */

/* Begin PBXFileReference section */
		170D1845222160DE00067026 /* Decoder.swift */ = {isa = PBXFileReference; fileEncoding = 4; lastKnownFileType = sourcecode.swift; path = Decoder.swift; sourceTree = "<group>"; };
		170D1846222160DE00067026 /* Encoder.swift */ = {isa = PBXFileReference; fileEncoding = 4; lastKnownFileType = sourcecode.swift; path = Encoder.swift; sourceTree = "<group>"; };
		170D1847222160DE00067026 /* YAML.swift */ = {isa = PBXFileReference; fileEncoding = 4; lastKnownFileType = sourcecode.swift; path = YAML.swift; sourceTree = "<group>"; };
		170D184E2221621300067026 /* YAMLParser.swift */ = {isa = PBXFileReference; lastKnownFileType = sourcecode.swift; path = YAMLParser.swift; sourceTree = "<group>"; };
		170D18502221667A00067026 /* Configuration.swift */ = {isa = PBXFileReference; lastKnownFileType = sourcecode.swift; path = Configuration.swift; sourceTree = "<group>"; };
		170D1870222958F300067026 /* AnalyticsNamingTypo.swift */ = {isa = PBXFileReference; lastKnownFileType = sourcecode.swift; path = AnalyticsNamingTypo.swift; sourceTree = "<group>"; };
		170D18722229591200067026 /* AnalyticsStringTypo.swift */ = {isa = PBXFileReference; lastKnownFileType = sourcecode.swift; path = AnalyticsStringTypo.swift; sourceTree = "<group>"; };
		170D18742229594000067026 /* Analytics.swift */ = {isa = PBXFileReference; lastKnownFileType = sourcecode.swift; path = Analytics.swift; sourceTree = "<group>"; };
		17172D932233E572008911A0 /* Reportable.swift */ = {isa = PBXFileReference; lastKnownFileType = sourcecode.swift; path = Reportable.swift; sourceTree = "<group>"; };
		17172D952237208C008911A0 /* XcodeReport.swift */ = {isa = PBXFileReference; lastKnownFileType = sourcecode.swift; path = XcodeReport.swift; sourceTree = "<group>"; };
		17172D97223722AF008911A0 /* JSONReport.swift */ = {isa = PBXFileReference; lastKnownFileType = sourcecode.swift; path = JSONReport.swift; sourceTree = "<group>"; };
		17172D9922392E3A008911A0 /* ReportGenerator.swift */ = {isa = PBXFileReference; lastKnownFileType = sourcecode.swift; path = ReportGenerator.swift; sourceTree = "<group>"; };
		171CD564222F23720042414A /* ArgumentParser.swift */ = {isa = PBXFileReference; lastKnownFileType = sourcecode.swift; path = ArgumentParser.swift; sourceTree = "<group>"; };
		OBJ_12 /* TypoCheckerTests.swift */ = {isa = PBXFileReference; lastKnownFileType = sourcecode.swift; path = TypoCheckerTests.swift; sourceTree = "<group>"; };
		OBJ_13 /* XCTestManifests.swift */ = {isa = PBXFileReference; lastKnownFileType = sourcecode.swift; path = XCTestManifests.swift; sourceTree = "<group>"; };
		OBJ_6 /* Package.swift */ = {isa = PBXFileReference; explicitFileType = sourcecode.swift; path = Package.swift; sourceTree = "<group>"; };
		OBJ_9 /* main.swift */ = {isa = PBXFileReference; lastKnownFileType = sourcecode.swift; path = main.swift; sourceTree = "<group>"; };
		"TypoChecker::TypoCheckTests::Product" /* TypoCheckerTests.xctest */ = {isa = PBXFileReference; explicitFileType = wrapper.cfbundle; path = TypoCheckerTests.xctest; sourceTree = BUILT_PRODUCTS_DIR; };
		"TypoChecker::TypoChecker::Product" /* TypoChecker */ = {isa = PBXFileReference; explicitFileType = "compiled.mach-o.executable"; path = TypoChecker; sourceTree = BUILT_PRODUCTS_DIR; };
/* End PBXFileReference section */

/* Begin PBXFrameworksBuildPhase section */
		OBJ_24 /* Frameworks */ = {
			isa = PBXFrameworksBuildPhase;
			buildActionMask = 0;
			files = (
			);
			runOnlyForDeploymentPostprocessing = 0;
		};
		OBJ_32 /* Frameworks */ = {
			isa = PBXFrameworksBuildPhase;
			buildActionMask = 0;
			files = (
			);
			runOnlyForDeploymentPostprocessing = 0;
		};
/* End PBXFrameworksBuildPhase section */

/* Begin PBXGroup section */
		170D1844222160DE00067026 /* UniYAML */ = {
			isa = PBXGroup;
			children = (
				170D1845222160DE00067026 /* Decoder.swift */,
				170D1846222160DE00067026 /* Encoder.swift */,
				170D1847222160DE00067026 /* YAML.swift */,
			);
			path = UniYAML;
			sourceTree = "<group>";
		};
		17172D912233DD8A008911A0 /* ArgumentParser */ = {
			isa = PBXGroup;
			children = (
				171CD564222F23720042414A /* ArgumentParser.swift */,
			);
			path = ArgumentParser;
			sourceTree = "<group>";
		};
		17172D922233E547008911A0 /* Report */ = {
			isa = PBXGroup;
			children = (
				17172D932233E572008911A0 /* Reportable.swift */,
				17172D952237208C008911A0 /* XcodeReport.swift */,
				17172D97223722AF008911A0 /* JSONReport.swift */,
				17172D9922392E3A008911A0 /* ReportGenerator.swift */,
			);
			path = Report;
			sourceTree = "<group>";
		};
		OBJ_10 /* Tests */ = {
			isa = PBXGroup;
			children = (
				OBJ_11 /* TypoCheckerTests */,
			);
			name = Tests;
			sourceTree = SOURCE_ROOT;
		};
		OBJ_11 /* TypoCheckerTests */ = {
			isa = PBXGroup;
			children = (
				OBJ_12 /* TypoCheckerTests.swift */,
				OBJ_13 /* XCTestManifests.swift */,
			);
			name = TypoCheckerTests;
			path = Tests/TypoCheckerTests;
			sourceTree = SOURCE_ROOT;
		};
		OBJ_14 /* Products */ = {
			isa = PBXGroup;
			children = (
				"TypoChecker::TypoCheckTests::Product" /* TypoCheckerTests.xctest */,
				"TypoChecker::TypoChecker::Product" /* TypoChecker */,
			);
			name = Products;
			sourceTree = BUILT_PRODUCTS_DIR;
		};
		OBJ_5 = {
			isa = PBXGroup;
			children = (
				OBJ_6 /* Package.swift */,
				OBJ_7 /* Sources */,
				OBJ_10 /* Tests */,
				OBJ_14 /* Products */,
			);
			sourceTree = "<group>";
		};
		OBJ_7 /* Sources */ = {
			isa = PBXGroup;
			children = (
				OBJ_8 /* TypoChecker */,
			);
			name = Sources;
			sourceTree = SOURCE_ROOT;
		};
		OBJ_8 /* TypoChecker */ = {
			isa = PBXGroup;
			children = (
				17172D912233DD8A008911A0 /* ArgumentParser */,
				170D1844222160DE00067026 /* UniYAML */,
				17172D922233E547008911A0 /* Report */,
				OBJ_9 /* main.swift */,
				170D184E2221621300067026 /* YAMLParser.swift */,
				170D18502221667A00067026 /* Configuration.swift */,
				170D1870222958F300067026 /* AnalyticsNamingTypo.swift */,
				170D18722229591200067026 /* AnalyticsStringTypo.swift */,
				170D18742229594000067026 /* Analytics.swift */,
			);
			name = TypoChecker;
			path = Sources/TypoChecker;
			sourceTree = SOURCE_ROOT;
		};
/* End PBXGroup section */

/* Begin PBXNativeTarget section */
		"TypoChecker::SwiftPMPackageDescription" /* TypoCheckerPackageDescription */ = {
			isa = PBXNativeTarget;
			buildConfigurationList = OBJ_34 /* Build configuration list for PBXNativeTarget "TypoCheckerPackageDescription" */;
			buildPhases = (
				OBJ_37 /* Sources */,
			);
			buildRules = (
			);
			dependencies = (
			);
			name = TypoCheckerPackageDescription;
			productName = TypoCheckerPackageDescription;
			productType = "com.apple.product-type.framework";
		};
		"TypoChecker::TypoCheckTests" /* TypoCheckerTests */ = {
			isa = PBXNativeTarget;
			buildConfigurationList = OBJ_18 /* Build configuration list for PBXNativeTarget "TypoCheckerTests" */;
			buildPhases = (
				OBJ_21 /* Sources */,
				OBJ_24 /* Frameworks */,
			);
			buildRules = (
			);
			dependencies = (
				OBJ_25 /* PBXTargetDependency */,
			);
			name = TypoCheckerTests;
			productName = TypoCheckTests;
			productReference = "TypoChecker::TypoCheckTests::Product" /* TypoCheckerTests.xctest */;
			productType = "com.apple.product-type.bundle.unit-test";
		};
		"TypoChecker::TypoChecker" /* TypoChecker */ = {
			isa = PBXNativeTarget;
			buildConfigurationList = OBJ_27 /* Build configuration list for PBXNativeTarget "TypoChecker" */;
			buildPhases = (
				OBJ_30 /* Sources */,
				OBJ_32 /* Frameworks */,
			);
			buildRules = (
			);
			dependencies = (
			);
			name = TypoChecker;
			productName = TypoChecker;
			productReference = "TypoChecker::TypoChecker::Product" /* TypoChecker */;
			productType = "com.apple.product-type.tool";
		};
/* End PBXNativeTarget section */

/* Begin PBXProject section */
		OBJ_1 /* Project object */ = {
			isa = PBXProject;
			attributes = {
				LastUpgradeCheck = 9999;
			};
			buildConfigurationList = OBJ_2 /* Build configuration list for PBXProject "TypoChecker" */;
			compatibilityVersion = "Xcode 3.2";
			developmentRegion = English;
			hasScannedForEncodings = 0;
			knownRegions = (
				en,
			);
			mainGroup = OBJ_5;
			productRefGroup = OBJ_14 /* Products */;
			projectDirPath = "";
			projectRoot = "";
			targets = (
				"TypoChecker::TypoChecker" /* TypoChecker */,
				"TypoChecker::TypoCheckTests" /* TypoCheckerTests */,
				"TypoChecker::SwiftPMPackageDescription" /* TypoCheckerPackageDescription */,
				"TypoChecker::TypoCheckerPackageTests::ProductTarget" /* TypoCheckerPackageTests */,
			);
		};
/* End PBXProject section */

/* Begin PBXSourcesBuildPhase section */
		OBJ_21 /* Sources */ = {
			isa = PBXSourcesBuildPhase;
			buildActionMask = 0;
			files = (
				OBJ_22 /* TypoCheckerTests.swift in Sources */,
				OBJ_23 /* XCTestManifests.swift in Sources */,
			);
			runOnlyForDeploymentPostprocessing = 0;
		};
		OBJ_30 /* Sources */ = {
			isa = PBXSourcesBuildPhase;
			buildActionMask = 0;
			files = (
				170D18512221667A00067026 /* Configuration.swift in Sources */,
				170D187622295A1700067026 /* Analytics.swift in Sources */,
				170D184D2221619B00067026 /* YAML.swift in Sources */,
				170D184B2221619500067026 /* Decoder.swift in Sources */,
				17172D942233E572008911A0 /* Reportable.swift in Sources */,
				OBJ_31 /* main.swift in Sources */,
				170D184F2221621300067026 /* YAMLParser.swift in Sources */,
				17172D962237208C008911A0 /* XcodeReport.swift in Sources */,
				170D184C2221619800067026 /* Encoder.swift in Sources */,
				170D187722295A1C00067026 /* AnalyticsStringTypo.swift in Sources */,
				17172D98223722AF008911A0 /* JSONReport.swift in Sources */,
				170D187822295A1E00067026 /* AnalyticsNamingTypo.swift in Sources */,
				171CD566222F23770042414A /* ArgumentParser.swift in Sources */,
				17172D9A22392E3A008911A0 /* ReportGenerator.swift in Sources */,
			);
			runOnlyForDeploymentPostprocessing = 0;
		};
		OBJ_37 /* Sources */ = {
			isa = PBXSourcesBuildPhase;
			buildActionMask = 0;
			files = (
				OBJ_38 /* Package.swift in Sources */,
			);
			runOnlyForDeploymentPostprocessing = 0;
		};
/* End PBXSourcesBuildPhase section */

/* Begin PBXTargetDependency section */
		OBJ_25 /* PBXTargetDependency */ = {
			isa = PBXTargetDependency;
			target = "TypoChecker::TypoChecker" /* TypoChecker */;
			targetProxy = 170D181C222116E500067026 /* PBXContainerItemProxy */;
		};
		OBJ_43 /* PBXTargetDependency */ = {
			isa = PBXTargetDependency;
			target = "TypoChecker::TypoCheckTests" /* TypoCheckerTests */;
			targetProxy = 170D181F22215C2100067026 /* PBXContainerItemProxy */;
		};
/* End PBXTargetDependency section */

/* Begin XCBuildConfiguration section */
		OBJ_19 /* Debug */ = {
			isa = XCBuildConfiguration;
			buildSettings = {
				CLANG_ENABLE_MODULES = YES;
				EMBEDDED_CONTENT_CONTAINS_SWIFT = YES;
				FRAMEWORK_SEARCH_PATHS = (
					"$(inherited)",
					"$(PLATFORM_DIR)/Developer/Library/Frameworks",
				);
				HEADER_SEARCH_PATHS = "$(inherited)";
				INFOPLIST_FILE = TypoChecker.xcodeproj/TypoCheckerTests_Info.plist;
				LD_RUNPATH_SEARCH_PATHS = "$(inherited) @loader_path/../Frameworks @loader_path/Frameworks";
				OTHER_CFLAGS = "$(inherited)";
				OTHER_LDFLAGS = "$(inherited)";
				OTHER_SWIFT_FLAGS = "$(inherited)";
				SWIFT_ACTIVE_COMPILATION_CONDITIONS = "$(inherited)";
				SWIFT_VERSION = 4.2;
				TARGET_NAME = TypoCheckerTests;
			};
			name = Debug;
		};
		OBJ_20 /* Release */ = {
			isa = XCBuildConfiguration;
			buildSettings = {
				CLANG_ENABLE_MODULES = YES;
				EMBEDDED_CONTENT_CONTAINS_SWIFT = YES;
				FRAMEWORK_SEARCH_PATHS = (
					"$(inherited)",
					"$(PLATFORM_DIR)/Developer/Library/Frameworks",
				);
				HEADER_SEARCH_PATHS = "$(inherited)";
				INFOPLIST_FILE = TypoChecker.xcodeproj/TypoCheckerTests_Info.plist;
				LD_RUNPATH_SEARCH_PATHS = "$(inherited) @loader_path/../Frameworks @loader_path/Frameworks";
				OTHER_CFLAGS = "$(inherited)";
				OTHER_LDFLAGS = "$(inherited)";
				OTHER_SWIFT_FLAGS = "$(inherited)";
				SWIFT_ACTIVE_COMPILATION_CONDITIONS = "$(inherited)";
				SWIFT_VERSION = 4.2;
				TARGET_NAME = TypoCheckerTests;
			};
			name = Release;
		};
		OBJ_28 /* Debug */ = {
			isa = XCBuildConfiguration;
			buildSettings = {
				FRAMEWORK_SEARCH_PATHS = (
					"$(inherited)",
					"$(PLATFORM_DIR)/Developer/Library/Frameworks",
				);
				HEADER_SEARCH_PATHS = "$(inherited)";
				INFOPLIST_FILE = TypoChecker.xcodeproj/TypoChecker_Info.plist;
				LD_RUNPATH_SEARCH_PATHS = "$(inherited) $(TOOLCHAIN_DIR)/usr/lib/swift/macosx @executable_path";
				MACOSX_DEPLOYMENT_TARGET = 10.12;
				OTHER_CFLAGS = "$(inherited)";
				OTHER_LDFLAGS = "$(inherited)";
				OTHER_SWIFT_FLAGS = "$(inherited)";
				SWIFT_ACTIVE_COMPILATION_CONDITIONS = "$(inherited)";
				SWIFT_FORCE_DYNAMIC_LINK_STDLIB = YES;
				SWIFT_FORCE_STATIC_LINK_STDLIB = NO;
				SWIFT_VERSION = 4.2;
				TARGET_NAME = TypoChecker;
			};
			name = Debug;
		};
		OBJ_29 /* Release */ = {
			isa = XCBuildConfiguration;
			buildSettings = {
				FRAMEWORK_SEARCH_PATHS = (
					"$(inherited)",
					"$(PLATFORM_DIR)/Developer/Library/Frameworks",
				);
				HEADER_SEARCH_PATHS = "$(inherited)";
				INFOPLIST_FILE = TypoChecker.xcodeproj/TypoChecker_Info.plist;
				LD_RUNPATH_SEARCH_PATHS = "$(inherited) $(TOOLCHAIN_DIR)/usr/lib/swift/macosx @executable_path";
				MACOSX_DEPLOYMENT_TARGET = 10.12;
				OTHER_CFLAGS = "$(inherited)";
				OTHER_LDFLAGS = "$(inherited)";
				OTHER_SWIFT_FLAGS = "$(inherited)";
				SWIFT_ACTIVE_COMPILATION_CONDITIONS = "$(inherited)";
				SWIFT_FORCE_DYNAMIC_LINK_STDLIB = YES;
				SWIFT_FORCE_STATIC_LINK_STDLIB = NO;
				SWIFT_VERSION = 4.2;
				TARGET_NAME = TypoChecker;
			};
			name = Release;
		};
		OBJ_3 /* Debug */ = {
			isa = XCBuildConfiguration;
			buildSettings = {
				CLANG_ENABLE_OBJC_ARC = YES;
				COMBINE_HIDPI_IMAGES = YES;
				COPY_PHASE_STRIP = NO;
				DEBUG_INFORMATION_FORMAT = dwarf;
				DYLIB_INSTALL_NAME_BASE = "@rpath";
				ENABLE_NS_ASSERTIONS = YES;
				GCC_OPTIMIZATION_LEVEL = 0;
				GCC_PREPROCESSOR_DEFINITIONS = (
					"DEBUG=1",
					"$(inherited)",
				);
				MACOSX_DEPLOYMENT_TARGET = 10.10;
				ONLY_ACTIVE_ARCH = YES;
				OTHER_SWIFT_FLAGS = "-DXcode";
				PRODUCT_NAME = "$(TARGET_NAME)";
				SDKROOT = macosx;
				SUPPORTED_PLATFORMS = "macosx iphoneos iphonesimulator appletvos appletvsimulator watchos watchsimulator";
				SWIFT_ACTIVE_COMPILATION_CONDITIONS = "SWIFT_PACKAGE DEBUG";
				SWIFT_OPTIMIZATION_LEVEL = "-Onone";
				USE_HEADERMAP = NO;
			};
			name = Debug;
		};
		OBJ_35 /* Debug */ = {
			isa = XCBuildConfiguration;
			buildSettings = {
				LD = /usr/bin/true;
				OTHER_SWIFT_FLAGS = "-swift-version 4.2 -I $(TOOLCHAIN_DIR)/usr/lib/swift/pm/4_2 -target x86_64-apple-macosx10.10 -sdk /Applications/Xcode.app/Contents/Developer/Platforms/MacOSX.platform/Developer/SDKs/MacOSX10.14.sdk";
				SWIFT_VERSION = 4.2;
			};
			name = Debug;
		};
		OBJ_36 /* Release */ = {
			isa = XCBuildConfiguration;
			buildSettings = {
				LD = /usr/bin/true;
				OTHER_SWIFT_FLAGS = "-swift-version 4.2 -I $(TOOLCHAIN_DIR)/usr/lib/swift/pm/4_2 -target x86_64-apple-macosx10.10 -sdk /Applications/Xcode.app/Contents/Developer/Platforms/MacOSX.platform/Developer/SDKs/MacOSX10.14.sdk";
				SWIFT_VERSION = 4.2;
			};
			name = Release;
		};
		OBJ_4 /* Release */ = {
			isa = XCBuildConfiguration;
			buildSettings = {
				CLANG_ENABLE_OBJC_ARC = YES;
				COMBINE_HIDPI_IMAGES = YES;
				COPY_PHASE_STRIP = YES;
				DEBUG_INFORMATION_FORMAT = "dwarf-with-dsym";
				DYLIB_INSTALL_NAME_BASE = "@rpath";
				GCC_OPTIMIZATION_LEVEL = s;
				MACOSX_DEPLOYMENT_TARGET = 10.10;
				OTHER_SWIFT_FLAGS = "-DXcode";
				PRODUCT_NAME = "$(TARGET_NAME)";
				SDKROOT = macosx;
				SUPPORTED_PLATFORMS = "macosx iphoneos iphonesimulator appletvos appletvsimulator watchos watchsimulator";
				SWIFT_ACTIVE_COMPILATION_CONDITIONS = SWIFT_PACKAGE;
				SWIFT_OPTIMIZATION_LEVEL = "-Owholemodule";
				USE_HEADERMAP = NO;
			};
			name = Release;
		};
		OBJ_41 /* Debug */ = {
			isa = XCBuildConfiguration;
			buildSettings = {
			};
			name = Debug;
		};
		OBJ_42 /* Release */ = {
			isa = XCBuildConfiguration;
			buildSettings = {
			};
			name = Release;
		};
/* End XCBuildConfiguration section */

/* Begin XCConfigurationList section */
		OBJ_18 /* Build configuration list for PBXNativeTarget "TypoCheckerTests" */ = {
			isa = XCConfigurationList;
			buildConfigurations = (
				OBJ_19 /* Debug */,
				OBJ_20 /* Release */,
			);
			defaultConfigurationIsVisible = 0;
			defaultConfigurationName = Release;
		};
		OBJ_2 /* Build configuration list for PBXProject "TypoChecker" */ = {
			isa = XCConfigurationList;
			buildConfigurations = (
				OBJ_3 /* Debug */,
				OBJ_4 /* Release */,
			);
			defaultConfigurationIsVisible = 0;
			defaultConfigurationName = Release;
		};
		OBJ_27 /* Build configuration list for PBXNativeTarget "TypoChecker" */ = {
			isa = XCConfigurationList;
			buildConfigurations = (
				OBJ_28 /* Debug */,
				OBJ_29 /* Release */,
			);
			defaultConfigurationIsVisible = 0;
			defaultConfigurationName = Release;
		};
		OBJ_34 /* Build configuration list for PBXNativeTarget "TypoCheckerPackageDescription" */ = {
			isa = XCConfigurationList;
			buildConfigurations = (
				OBJ_35 /* Debug */,
				OBJ_36 /* Release */,
			);
			defaultConfigurationIsVisible = 0;
			defaultConfigurationName = Release;
		};
		OBJ_40 /* Build configuration list for PBXAggregateTarget "TypoCheckerPackageTests" */ = {
			isa = XCConfigurationList;
			buildConfigurations = (
				OBJ_41 /* Debug */,
				OBJ_42 /* Release */,
			);
			defaultConfigurationIsVisible = 0;
			defaultConfigurationName = Release;
		};
/* End XCConfigurationList section */
	};
	rootObject = OBJ_1 /* Project object */;
}
