{
  "object": {
    "pins": [
      {
        "package": "Files",
        "repositoryURL": "https://github.com/JohnSundell/Files.git",
        "state": {
          "branch": null,
          "revision": "a84615f4558151fab52ac38df697ce2442991f93",
          "version": "2.3.0"
        }
      },
      {
        "package": "UniYAML",
        "repositoryURL": "https://github.com/seznam/swift-uniyaml.git",
        "state": {
          "branch": null,
          "revision": "501fe9ac3348dfc8df4a0db67bccdacf7dda9785",
          "version": "0.11.1"
        }
      }
    ]
  },
  "version": 1
}
